
Microsoft Visual Studio Solution File, Format Version 12.00
# Visual Studio Version 16
VisualStudioVersion = 16.0.31605.320
MinimumVisualStudioVersion = 10.0.40219.1
Project("{FAE04EC0-301F-11D3-BF4B-00C04F79EFBC}") = "OtelProject", "OtelProject\OtelProject.csproj", "{9D7BABD5-5FAE-42B8-9D40-9A7B1C6867F8}"
EndProject
Global
	GlobalSection(SolutionConfigurationPlatforms) = preSolution
		Debug|Any CPU = Debug|Any CPU
		Release|Any CPU = Release|Any CPU
	EndGlobalSection
	GlobalSection(ProjectConfigurationPlatforms) = postSolution
		{9D7BABD5-5FAE-42B8-9D40-9A7B1C6867F8}.Debug|Any CPU.ActiveCfg = Debug|Any CPU
		{9D7BABD5-5FAE-42B8-9D40-9A7B1C6867F8}.Debug|Any CPU.Build.0 = Debug|Any CPU
		{9D7BABD5-5FAE-42B8-9D40-9A7B1C6867F8}.Release|Any CPU.ActiveCfg = Release|Any CPU
		{9D7BABD5-5FAE-42B8-9D40-9A7B1C6867F8}.Release|Any CPU.Build.0 = Release|Any CPU
	EndGlobalSection
	GlobalSection(SolutionProperties) = preSolution
		HideSolutionNode = FALSE
	EndGlobalSection
	GlobalSection(ExtensibilityGlobals) = postSolution
		SolutionGuid = {401ED78B-F67A-48B8-9B72-AC51A9F42B59}
	EndGlobalSection
EndGlobal
